
Microsoft Visual Studio Solution File, Format Version 12.00
# Visual Studio Version 17
VisualStudioVersion = 17.0.31903.59
MinimumVisualStudioVersion = 10.0.40219.1
Project("{2150E333-8FDC-42A3-9474-1A3956D46DE8}") = "src", "src", "{1A8A2D77-5816-4001-BF03-C5B9CC4E32AE}"
EndProject
Project("{2150E333-8FDC-42A3-9474-1A3956D46DE8}") = "test", "test", "{E49D913D-43A6-4884-9E47-ACA5FB968FF4}"
EndProject
Project("{9A19103F-16F7-4668-BE54-9A1E7A4F7556}") = "Soda.Ice.Shared", "src\Soda.Ice.Shared\Soda.Ice.Shared.csproj", "{62CB0BB9-A2EF-4D49-9629-9768506DF2B6}"
EndProject
Project("{9A19103F-16F7-4668-BE54-9A1E7A4F7556}") = "Soda.Ice.WebApi", "src\Soda.Ice.WebApi\Soda.Ice.WebApi.csproj", "{018863A1-7C47-427A-B0B6-B578C6BE44C0}"
EndProject
Project("{9A19103F-16F7-4668-BE54-9A1E7A4F7556}") = "Soda.Ice.Domain", "src\Soda.Ice.Domain\Soda.Ice.Domain.csproj", "{4DC58AB7-38F9-4BA7-91B9-5979BAF437B7}"
EndProject
Project("{9A19103F-16F7-4668-BE54-9A1E7A4F7556}") = "Soda.Ice.Abstracts", "src\Soda.Ice.Abstracts\Soda.Ice.Abstracts.csproj", "{13A0E5AA-D0D1-40D9-88B9-EB582D301E78}"
EndProject
Project("{9A19103F-16F7-4668-BE54-9A1E7A4F7556}") = "Soda.Ice.Common", "src\Soda.Ice.Common\Soda.Ice.Common.csproj", "{D70A5D83-25E3-4054-B4AB-08A1645B5188}"
EndProject
Project("{9A19103F-16F7-4668-BE54-9A1E7A4F7556}") = "Soda.Ice.Client", "src\Soda.Ice.Client\Soda.Ice.Client.csproj", "{94C53359-0D5F-4C0F-99A7-BC51A9E87324}"
EndProject
Global
	GlobalSection(SolutionConfigurationPlatforms) = preSolution
		Debug|Any CPU = Debug|Any CPU
		Release|Any CPU = Release|Any CPU
	EndGlobalSection
	GlobalSection(ProjectConfigurationPlatforms) = postSolution
		{62CB0BB9-A2EF-4D49-9629-9768506DF2B6}.Debug|Any CPU.ActiveCfg = Debug|Any CPU
		{62CB0BB9-A2EF-4D49-9629-9768506DF2B6}.Debug|Any CPU.Build.0 = Debug|Any CPU
		{62CB0BB9-A2EF-4D49-9629-9768506DF2B6}.Release|Any CPU.ActiveCfg = Release|Any CPU
		{62CB0BB9-A2EF-4D49-9629-9768506DF2B6}.Release|Any CPU.Build.0 = Release|Any CPU
		{018863A1-7C47-427A-B0B6-B578C6BE44C0}.Debug|Any CPU.ActiveCfg = Debug|Any CPU
		{018863A1-7C47-427A-B0B6-B578C6BE44C0}.Debug|Any CPU.Build.0 = Debug|Any CPU
		{018863A1-7C47-427A-B0B6-B578C6BE44C0}.Release|Any CPU.ActiveCfg = Release|Any CPU
		{018863A1-7C47-427A-B0B6-B578C6BE44C0}.Release|Any CPU.Build.0 = Release|Any CPU
		{4DC58AB7-38F9-4BA7-91B9-5979BAF437B7}.Debug|Any CPU.ActiveCfg = Debug|Any CPU
		{4DC58AB7-38F9-4BA7-91B9-5979BAF437B7}.Debug|Any CPU.Build.0 = Debug|Any CPU
		{4DC58AB7-38F9-4BA7-91B9-5979BAF437B7}.Release|Any CPU.ActiveCfg = Release|Any CPU
		{4DC58AB7-38F9-4BA7-91B9-5979BAF437B7}.Release|Any CPU.Build.0 = Release|Any CPU
		{13A0E5AA-D0D1-40D9-88B9-EB582D301E78}.Debug|Any CPU.ActiveCfg = Debug|Any CPU
		{13A0E5AA-D0D1-40D9-88B9-EB582D301E78}.Debug|Any CPU.Build.0 = Debug|Any CPU
		{13A0E5AA-D0D1-40D9-88B9-EB582D301E78}.Release|Any CPU.ActiveCfg = Release|Any CPU
		{13A0E5AA-D0D1-40D9-88B9-EB582D301E78}.Release|Any CPU.Build.0 = Release|Any CPU
		{D70A5D83-25E3-4054-B4AB-08A1645B5188}.Debug|Any CPU.ActiveCfg = Debug|Any CPU
		{D70A5D83-25E3-4054-B4AB-08A1645B5188}.Debug|Any CPU.Build.0 = Debug|Any CPU
		{D70A5D83-25E3-4054-B4AB-08A1645B5188}.Release|Any CPU.ActiveCfg = Release|Any CPU
		{D70A5D83-25E3-4054-B4AB-08A1645B5188}.Release|Any CPU.Build.0 = Release|Any CPU
		{94C53359-0D5F-4C0F-99A7-BC51A9E87324}.Debug|Any CPU.ActiveCfg = Debug|Any CPU
		{94C53359-0D5F-4C0F-99A7-BC51A9E87324}.Debug|Any CPU.Build.0 = Debug|Any CPU
		{94C53359-0D5F-4C0F-99A7-BC51A9E87324}.Release|Any CPU.ActiveCfg = Release|Any CPU
		{94C53359-0D5F-4C0F-99A7-BC51A9E87324}.Release|Any CPU.Build.0 = Release|Any CPU
	EndGlobalSection
	GlobalSection(SolutionProperties) = preSolution
		HideSolutionNode = FALSE
	EndGlobalSection
	GlobalSection(NestedProjects) = preSolution
		{62CB0BB9-A2EF-4D49-9629-9768506DF2B6} = {1A8A2D77-5816-4001-BF03-C5B9CC4E32AE}
		{018863A1-7C47-427A-B0B6-B578C6BE44C0} = {1A8A2D77-5816-4001-BF03-C5B9CC4E32AE}
		{4DC58AB7-38F9-4BA7-91B9-5979BAF437B7} = {1A8A2D77-5816-4001-BF03-C5B9CC4E32AE}
		{13A0E5AA-D0D1-40D9-88B9-EB582D301E78} = {1A8A2D77-5816-4001-BF03-C5B9CC4E32AE}
		{D70A5D83-25E3-4054-B4AB-08A1645B5188} = {1A8A2D77-5816-4001-BF03-C5B9CC4E32AE}
		{94C53359-0D5F-4C0F-99A7-BC51A9E87324} = {1A8A2D77-5816-4001-BF03-C5B9CC4E32AE}
	EndGlobalSection
	GlobalSection(ExtensibilityGlobals) = postSolution
		SolutionGuid = {E4EE33E5-81D3-4497-A99B-B29E6DA16153}
	EndGlobalSection
EndGlobal
